// !$*UTF8*$!
{
	archiveVersion = 1;
	classes = {
	};
	objectVersion = 50;
	objects = {

/* Begin PBXBuildFile section */
		C22D30C323C4C125005EA999 /* AppDelegate.swift in Sources */ = {isa = PBXBuildFile; fileRef = C22D30C223C4C125005EA999 /* AppDelegate.swift */; };
		C22D30C523C4C125005EA999 /* SceneDelegate.swift in Sources */ = {isa = PBXBuildFile; fileRef = C22D30C423C4C125005EA999 /* SceneDelegate.swift */; };
		C22D30C723C4C125005EA999 /* ViewController.swift in Sources */ = {isa = PBXBuildFile; fileRef = C22D30C623C4C125005EA999 /* ViewController.swift */; };
		C22D30CA23C4C125005EA999 /* Main.storyboard in Resources */ = {isa = PBXBuildFile; fileRef = C22D30C823C4C125005EA999 /* Main.storyboard */; };
		C22D30CC23C4C127005EA999 /* Assets.xcassets in Resources */ = {isa = PBXBuildFile; fileRef = C22D30CB23C4C127005EA999 /* Assets.xcassets */; };
		C22D30CF23C4C127005EA999 /* LaunchScreen.storyboard in Resources */ = {isa = PBXBuildFile; fileRef = C22D30CD23C4C127005EA999 /* LaunchScreen.storyboard */; };
		C22D30D823C4C162005EA999 /* Request.swift in Sources */ = {isa = PBXBuildFile; fileRef = C22D30D723C4C162005EA999 /* Request.swift */; };
		C22D30DA23C4C1D5005EA999 /* BMExtension.swift in Sources */ = {isa = PBXBuildFile; fileRef = C22D30D923C4C1D5005EA999 /* BMExtension.swift */; };
		C244744223C5D7C8008C8968 /* BMHelper.swift in Sources */ = {isa = PBXBuildFile; fileRef = C244744123C5D7C8008C8968 /* BMHelper.swift */; };
/* End PBXBuildFile section */

/* Begin PBXFileReference section */
		C22D30BF23C4C125005EA999 /* Request.app */ = {isa = PBXFileReference; explicitFileType = wrapper.application; includeInIndex = 0; path = Request.app; sourceTree = BUILT_PRODUCTS_DIR; };
		C22D30C223C4C125005EA999 /* AppDelegate.swift */ = {isa = PBXFileReference; lastKnownFileType = sourcecode.swift; path = AppDelegate.swift; sourceTree = "<group>"; };
		C22D30C423C4C125005EA999 /* SceneDelegate.swift */ = {isa = PBXFileReference; lastKnownFileType = sourcecode.swift; path = SceneDelegate.swift; sourceTree = "<group>"; };
		C22D30C623C4C125005EA999 /* ViewController.swift */ = {isa = PBXFileReference; lastKnownFileType = sourcecode.swift; path = ViewController.swift; sourceTree = "<group>"; };
		C22D30C923C4C125005EA999 /* Base */ = {isa = PBXFileReference; lastKnownFileType = file.storyboard; name = Base; path = Base.lproj/Main.storyboard; sourceTree = "<group>"; };
		C22D30CB23C4C127005EA999 /* Assets.xcassets */ = {isa = PBXFileReference; lastKnownFileType = folder.assetcatalog; path = Assets.xcassets; sourceTree = "<group>"; };
		C22D30CE23C4C127005EA999 /* Base */ = {isa = PBXFileReference; lastKnownFileType = file.storyboard; name = Base; path = Base.lproj/LaunchScreen.storyboard; sourceTree = "<group>"; };
		C22D30D023C4C127005EA999 /* Info.plist */ = {isa = PBXFileReference; lastKnownFileType = text.plist.xml; path = Info.plist; sourceTree = "<group>"; };
		C22D30D723C4C162005EA999 /* Request.swift */ = {isa = PBXFileReference; lastKnownFileType = sourcecode.swift; path = Request.swift; sourceTree = "<group>"; };
		C22D30D923C4C1D5005EA999 /* BMExtension.swift */ = {isa = PBXFileReference; lastKnownFileType = sourcecode.swift; path = BMExtension.swift; sourceTree = "<group>"; };
		C244744123C5D7C8008C8968 /* BMHelper.swift */ = {isa = PBXFileReference; lastKnownFileType = sourcecode.swift; path = BMHelper.swift; sourceTree = "<group>"; };
/* End PBXFileReference section */

/* Begin PBXFrameworksBuildPhase section */
		C22D30BC23C4C125005EA999 /* Frameworks */ = {
			isa = PBXFrameworksBuildPhase;
			buildActionMask = 2147483647;
			files = (
			);
			runOnlyForDeploymentPostprocessing = 0;
		};
/* End PBXFrameworksBuildPhase section */

/* Begin PBXGroup section */
		C22D30B623C4C125005EA999 = {
			isa = PBXGroup;
			children = (
				C22D30C123C4C125005EA999 /* Request */,
				C22D30C023C4C125005EA999 /* Products */,
			);
			sourceTree = "<group>";
		};
		C22D30C023C4C125005EA999 /* Products */ = {
			isa = PBXGroup;
			children = (
				C22D30BF23C4C125005EA999 /* Request.app */,
			);
			name = Products;
			sourceTree = "<group>";
		};
		C22D30C123C4C125005EA999 /* Request */ = {
			isa = PBXGroup;
			children = (
				C22D30D623C4C150005EA999 /* Helper */,
				C22D30C223C4C125005EA999 /* AppDelegate.swift */,
				C22D30C423C4C125005EA999 /* SceneDelegate.swift */,
				C22D30C623C4C125005EA999 /* ViewController.swift */,
				C22D30C823C4C125005EA999 /* Main.storyboard */,
				C22D30CB23C4C127005EA999 /* Assets.xcassets */,
				C22D30CD23C4C127005EA999 /* LaunchScreen.storyboard */,
				C22D30D023C4C127005EA999 /* Info.plist */,
			);
			path = Request;
			sourceTree = "<group>";
		};
		C22D30D623C4C150005EA999 /* Helper */ = {
			isa = PBXGroup;
			children = (
				C22D30D723C4C162005EA999 /* Request.swift */,
				C22D30D923C4C1D5005EA999 /* BMExtension.swift */,
				C244744123C5D7C8008C8968 /* BMHelper.swift */,
			);
			path = Helper;
			sourceTree = "<group>";
		};
/* End PBXGroup section */

/* Begin PBXNativeTarget section */
		C22D30BE23C4C125005EA999 /* Request */ = {
			isa = PBXNativeTarget;
			buildConfigurationList = C22D30D323C4C127005EA999 /* Build configuration list for PBXNativeTarget "Request" */;
			buildPhases = (
				C22D30BB23C4C125005EA999 /* Sources */,
				C22D30BC23C4C125005EA999 /* Frameworks */,
				C22D30BD23C4C125005EA999 /* Resources */,
			);
			buildRules = (
			);
			dependencies = (
			);
			name = Request;
			productName = Request;
			productReference = C22D30BF23C4C125005EA999 /* Request.app */;
			productType = "com.apple.product-type.application";
		};
/* End PBXNativeTarget section */

/* Begin PBXProject section */
		C22D30B723C4C125005EA999 /* Project object */ = {
			isa = PBXProject;
			attributes = {
				LastSwiftUpdateCheck = 1120;
				LastUpgradeCheck = 1120;
				ORGANIZATIONNAME = "swiftui learn";
				TargetAttributes = {
					C22D30BE23C4C125005EA999 = {
						CreatedOnToolsVersion = 11.2.1;
					};
				};
			};
			buildConfigurationList = C22D30BA23C4C125005EA999 /* Build configuration list for PBXProject "Request" */;
			compatibilityVersion = "Xcode 9.3";
			developmentRegion = en;
			hasScannedForEncodings = 0;
			knownRegions = (
				en,
				Base,
			);
			mainGroup = C22D30B623C4C125005EA999;
			productRefGroup = C22D30C023C4C125005EA999 /* Products */;
			projectDirPath = "";
			projectRoot = "";
			targets = (
				C22D30BE23C4C125005EA999 /* Request */,
			);
		};
/* End PBXProject section */

/* Begin PBXResourcesBuildPhase section */
		C22D30BD23C4C125005EA999 /* Resources */ = {
			isa = PBXResourcesBuildPhase;
			buildActionMask = 2147483647;
			files = (
				C22D30CF23C4C127005EA999 /* LaunchScreen.storyboard in Resources */,
				C22D30CC23C4C127005EA999 /* Assets.xcassets in Resources */,
				C22D30CA23C4C125005EA999 /* Main.storyboard in Resources */,
			);
			runOnlyForDeploymentPostprocessing = 0;
		};
/* End PBXResourcesBuildPhase section */

/* Begin PBXSourcesBuildPhase section */
		C22D30BB23C4C125005EA999 /* Sources */ = {
			isa = PBXSourcesBuildPhase;
			buildActionMask = 2147483647;
			files = (
				C22D30C723C4C125005EA999 /* ViewController.swift in Sources */,
				C22D30D823C4C162005EA999 /* Request.swift in Sources */,
				C244744223C5D7C8008C8968 /* BMHelper.swift in Sources */,
				C22D30DA23C4C1D5005EA999 /* BMExtension.swift in Sources */,
				C22D30C323C4C125005EA999 /* AppDelegate.swift in Sources */,
				C22D30C523C4C125005EA999 /* SceneDelegate.swift in Sources */,
			);
			runOnlyForDeploymentPostprocessing = 0;
		};
/* End PBXSourcesBuildPhase section */

/* Begin PBXVariantGroup section */
		C22D30C823C4C125005EA999 /* Main.storyboard */ = {
			isa = PBXVariantGroup;
			children = (
				C22D30C923C4C125005EA999 /* Base */,
			);
			name = Main.storyboard;
			sourceTree = "<group>";
		};
		C22D30CD23C4C127005EA999 /* LaunchScreen.storyboard */ = {
			isa = PBXVariantGroup;
			children = (
				C22D30CE23C4C127005EA999 /* Base */,
			);
			name = LaunchScreen.storyboard;
			sourceTree = "<group>";
		};
/* End PBXVariantGroup section */

/* Begin XCBuildConfiguration section */
		C22D30D123C4C127005EA999 /* Debug */ = {
			isa = XCBuildConfiguration;
			buildSettings = {
				ALWAYS_SEARCH_USER_PATHS = NO;
				CLANG_ANALYZER_NONNULL = YES;
				CLANG_ANALYZER_NUMBER_OBJECT_CONVERSION = YES_AGGRESSIVE;
				CLANG_CXX_LANGUAGE_STANDARD = "gnu++14";
				CLANG_CXX_LIBRARY = "libc++";
				CLANG_ENABLE_MODULES = YES;
				CLANG_ENABLE_OBJC_ARC = YES;
				CLANG_ENABLE_OBJC_WEAK = YES;
				CLANG_WARN_BLOCK_CAPTURE_AUTORELEASING = YES;
				CLANG_WARN_BOOL_CONVERSION = YES;
				CLANG_WARN_COMMA = YES;
				CLANG_WARN_CONSTANT_CONVERSION = YES;
				CLANG_WARN_DEPRECATED_OBJC_IMPLEMENTATIONS = YES;
				CLANG_WARN_DIRECT_OBJC_ISA_USAGE = YES_ERROR;
				CLANG_WARN_DOCUMENTATION_COMMENTS = YES;
				CLANG_WARN_EMPTY_BODY = YES;
				CLANG_WARN_ENUM_CONVERSION = YES;
				CLANG_WARN_INFINITE_RECURSION = YES;
				CLANG_WARN_INT_CONVERSION = YES;
				CLANG_WARN_NON_LITERAL_NULL_CONVERSION = YES;
				CLANG_WARN_OBJC_IMPLICIT_RETAIN_SELF = YES;
				CLANG_WARN_OBJC_LITERAL_CONVERSION = YES;
				CLANG_WARN_OBJC_ROOT_CLASS = YES_ERROR;
				CLANG_WARN_RANGE_LOOP_ANALYSIS = YES;
				CLANG_WARN_STRICT_PROTOTYPES = YES;
				CLANG_WARN_SUSPICIOUS_MOVE = YES;
				CLANG_WARN_UNGUARDED_AVAILABILITY = YES_AGGRESSIVE;
				CLANG_WARN_UNREACHABLE_CODE = YES;
				CLANG_WARN__DUPLICATE_METHOD_MATCH = YES;
				COPY_PHASE_STRIP = NO;
				DEBUG_INFORMATION_FORMAT = dwarf;
				ENABLE_STRICT_OBJC_MSGSEND = YES;
				ENABLE_TESTABILITY = YES;
				GCC_C_LANGUAGE_STANDARD = gnu11;
				GCC_DYNAMIC_NO_PIC = NO;
				GCC_NO_COMMON_BLOCKS = YES;
				GCC_OPTIMIZATION_LEVEL = 0;
				GCC_PREPROCESSOR_DEFINITIONS = (
					"DEBUG=1",
					"$(inherited)",
				);
				GCC_WARN_64_TO_32_BIT_CONVERSION = YES;
				GCC_WARN_ABOUT_RETURN_TYPE = YES_ERROR;
				GCC_WARN_UNDECLARED_SELECTOR = YES;
				GCC_WARN_UNINITIALIZED_AUTOS = YES_AGGRESSIVE;
				GCC_WARN_UNUSED_FUNCTION = YES;
				GCC_WARN_UNUSED_VARIABLE = YES;
				IPHONEOS_DEPLOYMENT_TARGET = 13.2;
				MTL_ENABLE_DEBUG_INFO = INCLUDE_SOURCE;
				MTL_FAST_MATH = YES;
				ONLY_ACTIVE_ARCH = YES;
				SDKROOT = iphoneos;
				SWIFT_ACTIVE_COMPILATION_CONDITIONS = DEBUG;
				SWIFT_OPTIMIZATION_LEVEL = "-Onone";
			};
			name = Debug;
		};
		C22D30D223C4C127005EA999 /* Release */ = {
			isa = XCBuildConfiguration;
			buildSettings = {
				ALWAYS_SEARCH_USER_PATHS = NO;
				CLANG_ANALYZER_NONNULL = YES;
				CLANG_ANALYZER_NUMBER_OBJECT_CONVERSION = YES_AGGRESSIVE;
				CLANG_CXX_LANGUAGE_STANDARD = "gnu++14";
				CLANG_CXX_LIBRARY = "libc++";
				CLANG_ENABLE_MODULES = YES;
				CLANG_ENABLE_OBJC_ARC = YES;
				CLANG_ENABLE_OBJC_WEAK = YES;
				CLANG_WARN_BLOCK_CAPTURE_AUTORELEASING = YES;
				CLANG_WARN_BOOL_CONVERSION = YES;
				CLANG_WARN_COMMA = YES;
				CLANG_WARN_CONSTANT_CONVERSION = YES;
				CLANG_WARN_DEPRECATED_OBJC_IMPLEMENTATIONS = YES;
				CLANG_WARN_DIRECT_OBJC_ISA_USAGE = YES_ERROR;
				CLANG_WARN_DOCUMENTATION_COMMENTS = YES;
				CLANG_WARN_EMPTY_BODY = YES;
				CLANG_WARN_ENUM_CONVERSION = YES;
				CLANG_WARN_INFINITE_RECURSION = YES;
				CLANG_WARN_INT_CONVERSION = YES;
				CLANG_WARN_NON_LITERAL_NULL_CONVERSION = YES;
				CLANG_WARN_OBJC_IMPLICIT_RETAIN_SELF = YES;
				CLANG_WARN_OBJC_LITERAL_CONVERSION = YES;
				CLANG_WARN_OBJC_ROOT_CLASS = YES_ERROR;
				CLANG_WARN_RANGE_LOOP_ANALYSIS = YES;
				CLANG_WARN_STRICT_PROTOTYPES = YES;
				CLANG_WARN_SUSPICIOUS_MOVE = YES;
				CLANG_WARN_UNGUARDED_AVAILABILITY = YES_AGGRESSIVE;
				CLANG_WARN_UNREACHABLE_CODE = YES;
				CLANG_WARN__DUPLICATE_METHOD_MATCH = YES;
				COPY_PHASE_STRIP = NO;
				DEBUG_INFORMATION_FORMAT = "dwarf-with-dsym";
				ENABLE_NS_ASSERTIONS = NO;
				ENABLE_STRICT_OBJC_MSGSEND = YES;
				GCC_C_LANGUAGE_STANDARD = gnu11;
				GCC_NO_COMMON_BLOCKS = YES;
				GCC_WARN_64_TO_32_BIT_CONVERSION = YES;
				GCC_WARN_ABOUT_RETURN_TYPE = YES_ERROR;
				GCC_WARN_UNDECLARED_SELECTOR = YES;
				GCC_WARN_UNINITIALIZED_AUTOS = YES_AGGRESSIVE;
				GCC_WARN_UNUSED_FUNCTION = YES;
				GCC_WARN_UNUSED_VARIABLE = YES;
				IPHONEOS_DEPLOYMENT_TARGET = 13.2;
				MTL_ENABLE_DEBUG_INFO = NO;
				MTL_FAST_MATH = YES;
				SDKROOT = iphoneos;
				SWIFT_COMPILATION_MODE = wholemodule;
				SWIFT_OPTIMIZATION_LEVEL = "-O";
				VALIDATE_PRODUCT = YES;
			};
			name = Release;
		};
		C22D30D423C4C127005EA999 /* Debug */ = {
			isa = XCBuildConfiguration;
			buildSettings = {
				ASSETCATALOG_COMPILER_APPICON_NAME = AppIcon;
				CODE_SIGN_STYLE = Automatic;
				INFOPLIST_FILE = Request/Info.plist;
				LD_RUNPATH_SEARCH_PATHS = (
					"$(inherited)",
					"@executable_path/Frameworks",
				);
				PRODUCT_BUNDLE_IDENTIFIER = com.balu.Request;
				PRODUCT_NAME = "$(TARGET_NAME)";
				SWIFT_VERSION = 5.0;
				TARGETED_DEVICE_FAMILY = "1,2";
			};
			name = Debug;
		};
		C22D30D523C4C127005EA999 /* Release */ = {
			isa = XCBuildConfiguration;
			buildSettings = {
				ASSETCATALOG_COMPILER_APPICON_NAME = AppIcon;
				CODE_SIGN_STYLE = Automatic;
				INFOPLIST_FILE = Request/Info.plist;
				LD_RUNPATH_SEARCH_PATHS = (
					"$(inherited)",
					"@executable_path/Frameworks",
				);
				PRODUCT_BUNDLE_IDENTIFIER = com.balu.Request;
				PRODUCT_NAME = "$(TARGET_NAME)";
				SWIFT_VERSION = 5.0;
				TARGETED_DEVICE_FAMILY = "1,2";
			};
			name = Release;
		};
/* End XCBuildConfiguration section */

/* Begin XCConfigurationList section */
		C22D30BA23C4C125005EA999 /* Build configuration list for PBXProject "Request" */ = {
			isa = XCConfigurationList;
			buildConfigurations = (
				C22D30D123C4C127005EA999 /* Debug */,
				C22D30D223C4C127005EA999 /* Release */,
			);
			defaultConfigurationIsVisible = 0;
			defaultConfigurationName = Release;
		};
		C22D30D323C4C127005EA999 /* Build configuration list for PBXNativeTarget "Request" */ = {
			isa = XCConfigurationList;
			buildConfigurations = (
				C22D30D423C4C127005EA999 /* Debug */,
				C22D30D523C4C127005EA999 /* Release */,
			);
			defaultConfigurationIsVisible = 0;
			defaultConfigurationName = Release;
		};
/* End XCConfigurationList section */
	};
	rootObject = C22D30B723C4C125005EA999 /* Project object */;
}
